
Microsoft Visual Studio Solution File, Format Version 12.00
# Visual Studio Version 17
VisualStudioVersion = 17.11.35431.28
MinimumVisualStudioVersion = 10.0.40219.1
Project("{9A19103F-16F7-4668-BE54-9A1E7A4F7556}") = "MahjongScorekeeper", "MahjongScorekeeper\MahjongScorekeeper.csproj", "{9AFFF30F-49FF-474A-9546-58A849B43FD5}"
EndProject
Project("{9A19103F-16F7-4668-BE54-9A1E7A4F7556}") = "MahjongScorekeeper.Desktop", "MahjongScorekeeper.Desktop\MahjongScorekeeper.Desktop.csproj", "{F1B1F8E4-F692-49EF-8B69-450B68D097D1}"
EndProject
Global
	GlobalSection(SolutionConfigurationPlatforms) = preSolution
		Debug|Any CPU = Debug|Any CPU
		Release|Any CPU = Release|Any CPU
	EndGlobalSection
	GlobalSection(ProjectConfigurationPlatforms) = postSolution
		{9AFFF30F-49FF-474A-9546-58A849B43FD5}.Debug|Any CPU.ActiveCfg = Debug|Any CPU
		{9AFFF30F-49FF-474A-9546-58A849B43FD5}.Debug|Any CPU.Build.0 = Debug|Any CPU
		{9AFFF30F-49FF-474A-9546-58A849B43FD5}.Release|Any CPU.ActiveCfg = Release|Any CPU
		{9AFFF30F-49FF-474A-9546-58A849B43FD5}.Release|Any CPU.Build.0 = Release|Any CPU
		{F1B1F8E4-F692-49EF-8B69-450B68D097D1}.Debug|Any CPU.ActiveCfg = Debug|Any CPU
		{F1B1F8E4-F692-49EF-8B69-450B68D097D1}.Debug|Any CPU.Build.0 = Debug|Any CPU
		{F1B1F8E4-F692-49EF-8B69-450B68D097D1}.Release|Any CPU.ActiveCfg = Release|Any CPU
		{F1B1F8E4-F692-49EF-8B69-450B68D097D1}.Release|Any CPU.Build.0 = Release|Any CPU
	EndGlobalSection
	GlobalSection(SolutionProperties) = preSolution
		HideSolutionNode = FALSE
	EndGlobalSection
	GlobalSection(ExtensibilityGlobals) = postSolution
		SolutionGuid = {5BA0FF53-90DE-402C-B914-9C5BF293259B}
	EndGlobalSection
EndGlobal
